// !$*UTF8*$!
{
	archiveVersion = 1;
	classes = {
	};
	objectVersion = 50;
	objects = {

/* Begin PBXBuildFile section */
		D63C2A0A228581F3004EA052 /* AppDelegate.swift in Sources */ = {isa = PBXBuildFile; fileRef = D63C2A09228581F3004EA052 /* AppDelegate.swift */; };
		D63C2A0C228581F3004EA052 /* ViewController.swift in Sources */ = {isa = PBXBuildFile; fileRef = D63C2A0B228581F3004EA052 /* ViewController.swift */; };
		D63C2A0F228581F3004EA052 /* Main.storyboard in Resources */ = {isa = PBXBuildFile; fileRef = D63C2A0D228581F3004EA052 /* Main.storyboard */; };
		D63C2A11228581F4004EA052 /* Assets.xcassets in Resources */ = {isa = PBXBuildFile; fileRef = D63C2A10228581F4004EA052 /* Assets.xcassets */; };
		D63C2A14228581F4004EA052 /* LaunchScreen.storyboard in Resources */ = {isa = PBXBuildFile; fileRef = D63C2A12228581F4004EA052 /* LaunchScreen.storyboard */; };
		D63C2A1D2285820A004EA052 /* Weather.framework in Frameworks */ = {isa = PBXBuildFile; fileRef = D63C2A1C2285820A004EA052 /* Weather.framework */; };
		D69671E12285991C001B68A6 /* Weather.framework in Frameworks */ = {isa = PBXBuildFile; fileRef = D63C2A1C2285820A004EA052 /* Weather.framework */; };
		D69671E22285991C001B68A6 /* Weather.framework in Embed Frameworks */ = {isa = PBXBuildFile; fileRef = D63C2A1C2285820A004EA052 /* Weather.framework */; settings = {ATTRIBUTES = (CodeSignOnCopy, RemoveHeadersOnCopy, ); }; };
/* End PBXBuildFile section */

/* Begin PBXCopyFilesBuildPhase section */
		D69671E32285991C001B68A6 /* Embed Frameworks */ = {
			isa = PBXCopyFilesBuildPhase;
			buildActionMask = 2147483647;
			dstPath = "";
			dstSubfolderSpec = 10;
			files = (
				D69671E22285991C001B68A6 /* Weather.framework in Embed Frameworks */,
			);
			name = "Embed Frameworks";
			runOnlyForDeploymentPostprocessing = 0;
		};
/* End PBXCopyFilesBuildPhase section */

/* Begin PBXFileReference section */
		D63C2A06228581F3004EA052 /* ProjectPart2.app */ = {isa = PBXFileReference; explicitFileType = wrapper.application; includeInIndex = 0; path = ProjectPart2.app; sourceTree = BUILT_PRODUCTS_DIR; };
		D63C2A09228581F3004EA052 /* AppDelegate.swift */ = {isa = PBXFileReference; lastKnownFileType = sourcecode.swift; path = AppDelegate.swift; sourceTree = "<group>"; };
		D63C2A0B228581F3004EA052 /* ViewController.swift */ = {isa = PBXFileReference; lastKnownFileType = sourcecode.swift; path = ViewController.swift; sourceTree = "<group>"; };
		D63C2A0E228581F3004EA052 /* Base */ = {isa = PBXFileReference; lastKnownFileType = file.storyboard; name = Base; path = Base.lproj/Main.storyboard; sourceTree = "<group>"; };
		D63C2A10228581F4004EA052 /* Assets.xcassets */ = {isa = PBXFileReference; lastKnownFileType = folder.assetcatalog; path = Assets.xcassets; sourceTree = "<group>"; };
		D63C2A13228581F4004EA052 /* Base */ = {isa = PBXFileReference; lastKnownFileType = file.storyboard; name = Base; path = Base.lproj/LaunchScreen.storyboard; sourceTree = "<group>"; };
		D63C2A15228581F4004EA052 /* Info.plist */ = {isa = PBXFileReference; lastKnownFileType = text.plist.xml; path = Info.plist; sourceTree = "<group>"; };
		D63C2A1C2285820A004EA052 /* Weather.framework */ = {isa = PBXFileReference; lastKnownFileType = wrapper.framework; path = Weather.framework; sourceTree = "<group>"; };
/* End PBXFileReference section */

/* Begin PBXFrameworksBuildPhase section */
		D63C2A03228581F3004EA052 /* Frameworks */ = {
			isa = PBXFrameworksBuildPhase;
			buildActionMask = 2147483647;
			files = (
				D63C2A1D2285820A004EA052 /* Weather.framework in Frameworks */,
				D69671E12285991C001B68A6 /* Weather.framework in Frameworks */,
			);
			runOnlyForDeploymentPostprocessing = 0;
		};
/* End PBXFrameworksBuildPhase section */

/* Begin PBXGroup section */
		D63C29FD228581F3004EA052 = {
			isa = PBXGroup;
			children = (
				D63C2A08228581F3004EA052 /* ProjectPart2 */,
				D63C2A07228581F3004EA052 /* Products */,
				D63C2A1B2285820A004EA052 /* Frameworks */,
			);
			sourceTree = "<group>";
		};
		D63C2A07228581F3004EA052 /* Products */ = {
			isa = PBXGroup;
			children = (
				D63C2A06228581F3004EA052 /* ProjectPart2.app */,
			);
			name = Products;
			sourceTree = "<group>";
		};
		D63C2A08228581F3004EA052 /* ProjectPart2 */ = {
			isa = PBXGroup;
			children = (
				D63C2A09228581F3004EA052 /* AppDelegate.swift */,
				D63C2A0B228581F3004EA052 /* ViewController.swift */,
				D63C2A0D228581F3004EA052 /* Main.storyboard */,
				D63C2A10228581F4004EA052 /* Assets.xcassets */,
				D63C2A12228581F4004EA052 /* LaunchScreen.storyboard */,
				D63C2A15228581F4004EA052 /* Info.plist */,
			);
			path = ProjectPart2;
			sourceTree = "<group>";
		};
		D63C2A1B2285820A004EA052 /* Frameworks */ = {
			isa = PBXGroup;
			children = (
				D63C2A1C2285820A004EA052 /* Weather.framework */,
			);
			name = Frameworks;
			sourceTree = "<group>";
		};
/* End PBXGroup section */

/* Begin PBXNativeTarget section */
		D63C2A05228581F3004EA052 /* ProjectPart2 */ = {
			isa = PBXNativeTarget;
			buildConfigurationList = D63C2A18228581F4004EA052 /* Build configuration list for PBXNativeTarget "ProjectPart2" */;
			buildPhases = (
				D63C2A02228581F3004EA052 /* Sources */,
				D63C2A03228581F3004EA052 /* Frameworks */,
				D63C2A04228581F3004EA052 /* Resources */,
				D69671E32285991C001B68A6 /* Embed Frameworks */,
			);
			buildRules = (
			);
			dependencies = (
			);
			name = ProjectPart2;
			productName = ProjectPart2;
			productReference = D63C2A06228581F3004EA052 /* ProjectPart2.app */;
			productType = "com.apple.product-type.application";
		};
/* End PBXNativeTarget section */

/* Begin PBXProject section */
		D63C29FE228581F3004EA052 /* Project object */ = {
			isa = PBXProject;
			attributes = {
				LastSwiftUpdateCheck = 1000;
				LastUpgradeCheck = 1000;
				ORGANIZATIONNAME = m2sar;
				TargetAttributes = {
					D63C2A05228581F3004EA052 = {
						CreatedOnToolsVersion = 10.0;
					};
				};
			};
			buildConfigurationList = D63C2A01228581F3004EA052 /* Build configuration list for PBXProject "ProjectPart2" */;
			compatibilityVersion = "Xcode 9.3";
			developmentRegion = en;
			hasScannedForEncodings = 0;
			knownRegions = (
				en,
				Base,
			);
			mainGroup = D63C29FD228581F3004EA052;
			productRefGroup = D63C2A07228581F3004EA052 /* Products */;
			projectDirPath = "";
			projectRoot = "";
			targets = (
				D63C2A05228581F3004EA052 /* ProjectPart2 */,
			);
		};
/* End PBXProject section */

/* Begin PBXResourcesBuildPhase section */
		D63C2A04228581F3004EA052 /* Resources */ = {
			isa = PBXResourcesBuildPhase;
			buildActionMask = 2147483647;
			files = (
				D63C2A14228581F4004EA052 /* LaunchScreen.storyboard in Resources */,
				D63C2A11228581F4004EA052 /* Assets.xcassets in Resources */,
				D63C2A0F228581F3004EA052 /* Main.storyboard in Resources */,
			);
			runOnlyForDeploymentPostprocessing = 0;
		};
/* End PBXResourcesBuildPhase section */

/* Begin PBXSourcesBuildPhase section */
		D63C2A02228581F3004EA052 /* Sources */ = {
			isa = PBXSourcesBuildPhase;
			buildActionMask = 2147483647;
			files = (
				D63C2A0C228581F3004EA052 /* ViewController.swift in Sources */,
				D63C2A0A228581F3004EA052 /* AppDelegate.swift in Sources */,
			);
			runOnlyForDeploymentPostprocessing = 0;
		};
/* End PBXSourcesBuildPhase section */

/* Begin PBXVariantGroup section */
		D63C2A0D228581F3004EA052 /* Main.storyboard */ = {
			isa = PBXVariantGroup;
			children = (
				D63C2A0E228581F3004EA052 /* Base */,
			);
			name = Main.storyboard;
			sourceTree = "<group>";
		};
		D63C2A12228581F4004EA052 /* LaunchScreen.storyboard */ = {
			isa = PBXVariantGroup;
			children = (
				D63C2A13228581F4004EA052 /* Base */,
			);
			name = LaunchScreen.storyboard;
			sourceTree = "<group>";
		};
/* End PBXVariantGroup section */

/* Begin XCBuildConfiguration section */
		D63C2A16228581F4004EA052 /* Debug */ = {
			isa = XCBuildConfiguration;
			buildSettings = {
				ALWAYS_SEARCH_USER_PATHS = NO;
				CLANG_ANALYZER_NONNULL = YES;
				CLANG_ANALYZER_NUMBER_OBJECT_CONVERSION = YES_AGGRESSIVE;
				CLANG_CXX_LANGUAGE_STANDARD = "gnu++14";
				CLANG_CXX_LIBRARY = "libc++";
				CLANG_ENABLE_MODULES = YES;
				CLANG_ENABLE_OBJC_ARC = YES;
				CLANG_ENABLE_OBJC_WEAK = YES;
				CLANG_WARN_BLOCK_CAPTURE_AUTORELEASING = YES;
				CLANG_WARN_BOOL_CONVERSION = YES;
				CLANG_WARN_COMMA = YES;
				CLANG_WARN_CONSTANT_CONVERSION = YES;
				CLANG_WARN_DEPRECATED_OBJC_IMPLEMENTATIONS = YES;
				CLANG_WARN_DIRECT_OBJC_ISA_USAGE = YES_ERROR;
				CLANG_WARN_DOCUMENTATION_COMMENTS = YES;
				CLANG_WARN_EMPTY_BODY = YES;
				CLANG_WARN_ENUM_CONVERSION = YES;
				CLANG_WARN_INFINITE_RECURSION = YES;
				CLANG_WARN_INT_CONVERSION = YES;
				CLANG_WARN_NON_LITERAL_NULL_CONVERSION = YES;
				CLANG_WARN_OBJC_IMPLICIT_RETAIN_SELF = YES;
				CLANG_WARN_OBJC_LITERAL_CONVERSION = YES;
				CLANG_WARN_OBJC_ROOT_CLASS = YES_ERROR;
				CLANG_WARN_RANGE_LOOP_ANALYSIS = YES;
				CLANG_WARN_STRICT_PROTOTYPES = YES;
				CLANG_WARN_SUSPICIOUS_MOVE = YES;
				CLANG_WARN_UNGUARDED_AVAILABILITY = YES_AGGRESSIVE;
				CLANG_WARN_UNREACHABLE_CODE = YES;
				CLANG_WARN__DUPLICATE_METHOD_MATCH = YES;
				CODE_SIGN_IDENTITY = "iPhone Developer";
				COPY_PHASE_STRIP = NO;
				DEBUG_INFORMATION_FORMAT = dwarf;
				ENABLE_STRICT_OBJC_MSGSEND = YES;
				ENABLE_TESTABILITY = YES;
				GCC_C_LANGUAGE_STANDARD = gnu11;
				GCC_DYNAMIC_NO_PIC = NO;
				GCC_NO_COMMON_BLOCKS = YES;
				GCC_OPTIMIZATION_LEVEL = 0;
				GCC_PREPROCESSOR_DEFINITIONS = (
					"DEBUG=1",
					"$(inherited)",
				);
				GCC_WARN_64_TO_32_BIT_CONVERSION = YES;
				GCC_WARN_ABOUT_RETURN_TYPE = YES_ERROR;
				GCC_WARN_UNDECLARED_SELECTOR = YES;
				GCC_WARN_UNINITIALIZED_AUTOS = YES_AGGRESSIVE;
				GCC_WARN_UNUSED_FUNCTION = YES;
				GCC_WARN_UNUSED_VARIABLE = YES;
				IPHONEOS_DEPLOYMENT_TARGET = 12.0;
				MTL_ENABLE_DEBUG_INFO = INCLUDE_SOURCE;
				MTL_FAST_MATH = YES;
				ONLY_ACTIVE_ARCH = YES;
				SDKROOT = iphoneos;
				SWIFT_ACTIVE_COMPILATION_CONDITIONS = DEBUG;
				SWIFT_OPTIMIZATION_LEVEL = "-Onone";
			};
			name = Debug;
		};
		D63C2A17228581F4004EA052 /* Release */ = {
			isa = XCBuildConfiguration;
			buildSettings = {
				ALWAYS_SEARCH_USER_PATHS = NO;
				CLANG_ANALYZER_NONNULL = YES;
				CLANG_ANALYZER_NUMBER_OBJECT_CONVERSION = YES_AGGRESSIVE;
				CLANG_CXX_LANGUAGE_STANDARD = "gnu++14";
				CLANG_CXX_LIBRARY = "libc++";
				CLANG_ENABLE_MODULES = YES;
				CLANG_ENABLE_OBJC_ARC = YES;
				CLANG_ENABLE_OBJC_WEAK = YES;
				CLANG_WARN_BLOCK_CAPTURE_AUTORELEASING = YES;
				CLANG_WARN_BOOL_CONVERSION = YES;
				CLANG_WARN_COMMA = YES;
				CLANG_WARN_CONSTANT_CONVERSION = YES;
				CLANG_WARN_DEPRECATED_OBJC_IMPLEMENTATIONS = YES;
				CLANG_WARN_DIRECT_OBJC_ISA_USAGE = YES_ERROR;
				CLANG_WARN_DOCUMENTATION_COMMENTS = YES;
				CLANG_WARN_EMPTY_BODY = YES;
				CLANG_WARN_ENUM_CONVERSION = YES;
				CLANG_WARN_INFINITE_RECURSION = YES;
				CLANG_WARN_INT_CONVERSION = YES;
				CLANG_WARN_NON_LITERAL_NULL_CONVERSION = YES;
				CLANG_WARN_OBJC_IMPLICIT_RETAIN_SELF = YES;
				CLANG_WARN_OBJC_LITERAL_CONVERSION = YES;
				CLANG_WARN_OBJC_ROOT_CLASS = YES_ERROR;
				CLANG_WARN_RANGE_LOOP_ANALYSIS = YES;
				CLANG_WARN_STRICT_PROTOTYPES = YES;
				CLANG_WARN_SUSPICIOUS_MOVE = YES;
				CLANG_WARN_UNGUARDED_AVAILABILITY = YES_AGGRESSIVE;
				CLANG_WARN_UNREACHABLE_CODE = YES;
				CLANG_WARN__DUPLICATE_METHOD_MATCH = YES;
				CODE_SIGN_IDENTITY = "iPhone Developer";
				COPY_PHASE_STRIP = NO;
				DEBUG_INFORMATION_FORMAT = "dwarf-with-dsym";
				ENABLE_NS_ASSERTIONS = NO;
				ENABLE_STRICT_OBJC_MSGSEND = YES;
				GCC_C_LANGUAGE_STANDARD = gnu11;
				GCC_NO_COMMON_BLOCKS = YES;
				GCC_WARN_64_TO_32_BIT_CONVERSION = YES;
				GCC_WARN_ABOUT_RETURN_TYPE = YES_ERROR;
				GCC_WARN_UNDECLARED_SELECTOR = YES;
				GCC_WARN_UNINITIALIZED_AUTOS = YES_AGGRESSIVE;
				GCC_WARN_UNUSED_FUNCTION = YES;
				GCC_WARN_UNUSED_VARIABLE = YES;
				IPHONEOS_DEPLOYMENT_TARGET = 12.0;
				MTL_ENABLE_DEBUG_INFO = NO;
				MTL_FAST_MATH = YES;
				SDKROOT = iphoneos;
				SWIFT_COMPILATION_MODE = wholemodule;
				SWIFT_OPTIMIZATION_LEVEL = "-O";
				VALIDATE_PRODUCT = YES;
			};
			name = Release;
		};
		D63C2A19228581F4004EA052 /* Debug */ = {
			isa = XCBuildConfiguration;
			buildSettings = {
				ASSETCATALOG_COMPILER_APPICON_NAME = AppIcon;
				CODE_SIGN_STYLE = Automatic;
				DEVELOPMENT_TEAM = MY4RB2NUZ5;
				FRAMEWORK_SEARCH_PATHS = (
					"$(inherited)",
					"$(PROJECT_DIR)",
				);
				INFOPLIST_FILE = ProjectPart2/Info.plist;
				LD_RUNPATH_SEARCH_PATHS = (
					"$(inherited)",
					"@executable_path/Frameworks",
				);
				PRODUCT_BUNDLE_IDENTIFIER = sarM2.ProjectPart2;
				PRODUCT_NAME = "$(TARGET_NAME)";
				SWIFT_VERSION = 4.2;
				TARGETED_DEVICE_FAMILY = "1,2";
			};
			name = Debug;
		};
		D63C2A1A228581F4004EA052 /* Release */ = {
			isa = XCBuildConfiguration;
			buildSettings = {
				ASSETCATALOG_COMPILER_APPICON_NAME = AppIcon;
				CODE_SIGN_STYLE = Automatic;
				DEVELOPMENT_TEAM = MY4RB2NUZ5;
				FRAMEWORK_SEARCH_PATHS = (
					"$(inherited)",
					"$(PROJECT_DIR)",
				);
				INFOPLIST_FILE = ProjectPart2/Info.plist;
				LD_RUNPATH_SEARCH_PATHS = (
					"$(inherited)",
					"@executable_path/Frameworks",
				);
				PRODUCT_BUNDLE_IDENTIFIER = sarM2.ProjectPart2;
				PRODUCT_NAME = "$(TARGET_NAME)";
				SWIFT_VERSION = 4.2;
				TARGETED_DEVICE_FAMILY = "1,2";
			};
			name = Release;
		};
/* End XCBuildConfiguration section */

/* Begin XCConfigurationList section */
		D63C2A01228581F3004EA052 /* Build configuration list for PBXProject "ProjectPart2" */ = {
			isa = XCConfigurationList;
			buildConfigurations = (
				D63C2A16228581F4004EA052 /* Debug */,
				D63C2A17228581F4004EA052 /* Release */,
			);
			defaultConfigurationIsVisible = 0;
			defaultConfigurationName = Release;
		};
		D63C2A18228581F4004EA052 /* Build configuration list for PBXNativeTarget "ProjectPart2" */ = {
			isa = XCConfigurationList;
			buildConfigurations = (
				D63C2A19228581F4004EA052 /* Debug */,
				D63C2A1A228581F4004EA052 /* Release */,
			);
			defaultConfigurationIsVisible = 0;
			defaultConfigurationName = Release;
		};
/* End XCConfigurationList section */
	};
	rootObject = D63C29FE228581F3004EA052 /* Project object */;
}
